{
    "_meta": {
        "hash": {
            "sha256": "7f3410c14041993fb9793df264888f5b391f28b2bee39ad82f439bd7015537db"
        },
        "pipfile-spec": 6,
        "requires": {
            "python_version": "3.8"
        },
        "sources": [
            {
                "name": "pypi",
                "url": "https://pypi.python.org/simple",
                "verify_ssl": true
            }
        ]
    },
    "default": {
        "amqpstorm": {
            "hashes": [
                "sha256:7e6abb3a56351a3dd0e9f95abc6888fde4958c1d902d944debcacacc03a79210",
                "sha256:f1944285bcbac0044b6b100183e2adcc872ac187a4e1f3e855f61a23c4e02c1b"
            ],
            "index": "pypi",
            "version": "==2.8.1"
        },
        "pamqp": {
            "hashes": [
                "sha256:2f81b5c186f668a67f165193925b6bfd83db4363a6222f599517f29ecee60b02",
                "sha256:5cd0f5a85e89f20d5f8e19285a1507788031cfca4a9ea6f067e3cf18f5e294e8"
            ],
            "version": "==2.3.0"
        }
    },
    "develop": {}
}
